
Microsoft Visual Studio Solution File, Format Version 12.00
# Visual Studio Version 16
VisualStudioVersion = 16.0.31911.196
MinimumVisualStudioVersion = 10.0.40219.1
Project("{FAE04EC0-301F-11D3-BF4B-00C04F79EFBC}") = "TutorialApplication", "TutorialApplication\TutorialApplication.csproj", "{57E70718-1B2B-4D88-9320-A617CAF3EA09}"
	ProjectSection(ProjectDependencies) = postProject
		{39D5F23B-9AEC-4EED-A076-08A8F445DA8E} = {39D5F23B-9AEC-4EED-A076-08A8F445DA8E}
	EndProjectSection
EndProject
Project("{FAE04EC0-301F-11D3-BF4B-00C04F79EFBC}") = "TutorialApplicationBusiness", "TutorialApplicationBusiness\TutorialApplicationBusiness.csproj", "{39D5F23B-9AEC-4EED-A076-08A8F445DA8E}"
	ProjectSection(ProjectDependencies) = postProject
		{F9021966-BFB4-473B-BDB8-E11AA8C62096} = {F9021966-BFB4-473B-BDB8-E11AA8C62096}
	EndProjectSection
EndProject
Project("{FAE04EC0-301F-11D3-BF4B-00C04F79EFBC}") = "TutorialApplicationData", "TutorialApplicationData\TutorialApplicationData.csproj", "{F9021966-BFB4-473B-BDB8-E11AA8C62096}"
EndProject
Project("{FAE04EC0-301F-11D3-BF4B-00C04F79EFBC}") = "TutorialApplicationEntity", "TutorialApplicationEntity\TutorialApplicationEntity.csproj", "{40326F08-0DCA-453C-A7D9-37944EE6A121}"
EndProject
Global
	GlobalSection(SolutionConfigurationPlatforms) = preSolution
		Debug|Any CPU = Debug|Any CPU
		Release|Any CPU = Release|Any CPU
	EndGlobalSection
	GlobalSection(ProjectConfigurationPlatforms) = postSolution
		{57E70718-1B2B-4D88-9320-A617CAF3EA09}.Debug|Any CPU.ActiveCfg = Debug|Any CPU
		{57E70718-1B2B-4D88-9320-A617CAF3EA09}.Debug|Any CPU.Build.0 = Debug|Any CPU
		{57E70718-1B2B-4D88-9320-A617CAF3EA09}.Release|Any CPU.ActiveCfg = Release|Any CPU
		{57E70718-1B2B-4D88-9320-A617CAF3EA09}.Release|Any CPU.Build.0 = Release|Any CPU
		{39D5F23B-9AEC-4EED-A076-08A8F445DA8E}.Debug|Any CPU.ActiveCfg = Debug|Any CPU
		{39D5F23B-9AEC-4EED-A076-08A8F445DA8E}.Debug|Any CPU.Build.0 = Debug|Any CPU
		{39D5F23B-9AEC-4EED-A076-08A8F445DA8E}.Release|Any CPU.ActiveCfg = Release|Any CPU
		{39D5F23B-9AEC-4EED-A076-08A8F445DA8E}.Release|Any CPU.Build.0 = Release|Any CPU
		{F9021966-BFB4-473B-BDB8-E11AA8C62096}.Debug|Any CPU.ActiveCfg = Debug|Any CPU
		{F9021966-BFB4-473B-BDB8-E11AA8C62096}.Debug|Any CPU.Build.0 = Debug|Any CPU
		{F9021966-BFB4-473B-BDB8-E11AA8C62096}.Release|Any CPU.ActiveCfg = Release|Any CPU
		{F9021966-BFB4-473B-BDB8-E11AA8C62096}.Release|Any CPU.Build.0 = Release|Any CPU
		{40326F08-0DCA-453C-A7D9-37944EE6A121}.Debug|Any CPU.ActiveCfg = Debug|Any CPU
		{40326F08-0DCA-453C-A7D9-37944EE6A121}.Debug|Any CPU.Build.0 = Debug|Any CPU
		{40326F08-0DCA-453C-A7D9-37944EE6A121}.Release|Any CPU.ActiveCfg = Release|Any CPU
		{40326F08-0DCA-453C-A7D9-37944EE6A121}.Release|Any CPU.Build.0 = Release|Any CPU
	EndGlobalSection
	GlobalSection(SolutionProperties) = preSolution
		HideSolutionNode = FALSE
	EndGlobalSection
	GlobalSection(ExtensibilityGlobals) = postSolution
		SolutionGuid = {C8DD5B6A-7A09-4A63-8750-980F32AE1BB5}
	EndGlobalSection
EndGlobal
